
Microsoft Visual Studio Solution File, Format Version 12.00
# Visual Studio 15
VisualStudioVersion = 15.0.28010.2046
MinimumVisualStudioVersion = 10.0.40219.1
Project("{FAE04EC0-301F-11D3-BF4B-00C04F79EFBC}") = "Homework7", "Homework7\Homework7.csproj", "{D63A707E-7A29-413D-8BF5-E382D94CCBBB}"
EndProject
Global
	GlobalSection(SolutionConfigurationPlatforms) = preSolution
		Debug|Any CPU = Debug|Any CPU
		Release|Any CPU = Release|Any CPU
	EndGlobalSection
	GlobalSection(ProjectConfigurationPlatforms) = postSolution
		{D63A707E-7A29-413D-8BF5-E382D94CCBBB}.Debug|Any CPU.ActiveCfg = Debug|Any CPU
		{D63A707E-7A29-413D-8BF5-E382D94CCBBB}.Debug|Any CPU.Build.0 = Debug|Any CPU
		{D63A707E-7A29-413D-8BF5-E382D94CCBBB}.Release|Any CPU.ActiveCfg = Release|Any CPU
		{D63A707E-7A29-413D-8BF5-E382D94CCBBB}.Release|Any CPU.Build.0 = Release|Any CPU
	EndGlobalSection
	GlobalSection(SolutionProperties) = preSolution
		HideSolutionNode = FALSE
	EndGlobalSection
	GlobalSection(ExtensibilityGlobals) = postSolution
		SolutionGuid = {7714B65D-DA80-4F79-9B2B-CE43FC0B89AB}
	EndGlobalSection
EndGlobal
